
Microsoft Visual Studio Solution File, Format Version 12.00
# Visual Studio Version 17
VisualStudioVersion = 17.12.35514.174
MinimumVisualStudioVersion = 10.0.40219.1
Project("{FAE04EC0-301F-11D3-BF4B-00C04F79EFBC}") = "Blog.Data", "Blog.Data\Blog.Data.csproj", "{E4ACB804-83FE-4181-9B58-D5F7F05CF5C8}"
EndProject
Project("{FAE04EC0-301F-11D3-BF4B-00C04F79EFBC}") = "Blog.Helper", "Blog.Helper\Blog.Helper.csproj", "{686ED46C-7FB5-4049-BB25-48974675FB15}"
EndProject
Project("{FAE04EC0-301F-11D3-BF4B-00C04F79EFBC}") = "Blog.Api", "Blog.Api\Blog.Api.csproj", "{669AF1F9-F996-426B-8AED-8712835F74D6}"
EndProject
Project("{2150E333-8FDC-42A3-9474-1A3956D46DE8}") = "Infrastructure", "Infrastructure", "{9CF251E3-F104-453B-A867-2DFDA383A42A}"
EndProject
Project("{2150E333-8FDC-42A3-9474-1A3956D46DE8}") = "UI", "UI", "{3FFD15F8-0007-4839-92B1-9721A6E66F72}"
EndProject
Project("{FAE04EC0-301F-11D3-BF4B-00C04F79EFBC}") = "Blog.Panel", "Blog.Panel\Blog.Panel.csproj", "{291F876D-6449-44AA-9B90-AC543146D710}"
EndProject
Project("{FAE04EC0-301F-11D3-BF4B-00C04F79EFBC}") = "Blog.Proxy", "Blog.Proxy\Blog.Proxy.csproj", "{F181C873-6B36-4A0B-ADFC-1334E322670C}"
EndProject
Global
	GlobalSection(SolutionConfigurationPlatforms) = preSolution
		Debug|Any CPU = Debug|Any CPU
		Release|Any CPU = Release|Any CPU
	EndGlobalSection
	GlobalSection(ProjectConfigurationPlatforms) = postSolution
		{E4ACB804-83FE-4181-9B58-D5F7F05CF5C8}.Debug|Any CPU.ActiveCfg = Debug|Any CPU
		{E4ACB804-83FE-4181-9B58-D5F7F05CF5C8}.Debug|Any CPU.Build.0 = Debug|Any CPU
		{E4ACB804-83FE-4181-9B58-D5F7F05CF5C8}.Release|Any CPU.ActiveCfg = Release|Any CPU
		{E4ACB804-83FE-4181-9B58-D5F7F05CF5C8}.Release|Any CPU.Build.0 = Release|Any CPU
		{686ED46C-7FB5-4049-BB25-48974675FB15}.Debug|Any CPU.ActiveCfg = Debug|Any CPU
		{686ED46C-7FB5-4049-BB25-48974675FB15}.Debug|Any CPU.Build.0 = Debug|Any CPU
		{686ED46C-7FB5-4049-BB25-48974675FB15}.Release|Any CPU.ActiveCfg = Release|Any CPU
		{686ED46C-7FB5-4049-BB25-48974675FB15}.Release|Any CPU.Build.0 = Release|Any CPU
		{669AF1F9-F996-426B-8AED-8712835F74D6}.Debug|Any CPU.ActiveCfg = Debug|Any CPU
		{669AF1F9-F996-426B-8AED-8712835F74D6}.Debug|Any CPU.Build.0 = Debug|Any CPU
		{669AF1F9-F996-426B-8AED-8712835F74D6}.Release|Any CPU.ActiveCfg = Release|Any CPU
		{669AF1F9-F996-426B-8AED-8712835F74D6}.Release|Any CPU.Build.0 = Release|Any CPU
		{291F876D-6449-44AA-9B90-AC543146D710}.Debug|Any CPU.ActiveCfg = Debug|Any CPU
		{291F876D-6449-44AA-9B90-AC543146D710}.Debug|Any CPU.Build.0 = Debug|Any CPU
		{291F876D-6449-44AA-9B90-AC543146D710}.Release|Any CPU.ActiveCfg = Release|Any CPU
		{291F876D-6449-44AA-9B90-AC543146D710}.Release|Any CPU.Build.0 = Release|Any CPU
		{F181C873-6B36-4A0B-ADFC-1334E322670C}.Debug|Any CPU.ActiveCfg = Debug|Any CPU
		{F181C873-6B36-4A0B-ADFC-1334E322670C}.Debug|Any CPU.Build.0 = Debug|Any CPU
		{F181C873-6B36-4A0B-ADFC-1334E322670C}.Release|Any CPU.ActiveCfg = Release|Any CPU
		{F181C873-6B36-4A0B-ADFC-1334E322670C}.Release|Any CPU.Build.0 = Release|Any CPU
	EndGlobalSection
	GlobalSection(SolutionProperties) = preSolution
		HideSolutionNode = FALSE
	EndGlobalSection
	GlobalSection(NestedProjects) = preSolution
		{E4ACB804-83FE-4181-9B58-D5F7F05CF5C8} = {9CF251E3-F104-453B-A867-2DFDA383A42A}
		{686ED46C-7FB5-4049-BB25-48974675FB15} = {9CF251E3-F104-453B-A867-2DFDA383A42A}
		{669AF1F9-F996-426B-8AED-8712835F74D6} = {3FFD15F8-0007-4839-92B1-9721A6E66F72}
		{291F876D-6449-44AA-9B90-AC543146D710} = {3FFD15F8-0007-4839-92B1-9721A6E66F72}
		{F181C873-6B36-4A0B-ADFC-1334E322670C} = {3FFD15F8-0007-4839-92B1-9721A6E66F72}
	EndGlobalSection
EndGlobal
